
Microsoft Visual Studio Solution File, Format Version 12.00
# Visual Studio 2012
Project("{F184B08F-C81C-45F6-A57F-5ABD9991F28F}") = "CMS Project", "CMS Project\CMS Project.vbproj", "{30527175-ABEB-4239-A6B8-60C8AAE2768E}"
EndProject
Global
	GlobalSection(SolutionConfigurationPlatforms) = preSolution
		Debug|Any CPU = Debug|Any CPU
		Release|Any CPU = Release|Any CPU
	EndGlobalSection
	GlobalSection(ProjectConfigurationPlatforms) = postSolution
		{30527175-ABEB-4239-A6B8-60C8AAE2768E}.Debug|Any CPU.ActiveCfg = Debug|Any CPU
		{30527175-ABEB-4239-A6B8-60C8AAE2768E}.Debug|Any CPU.Build.0 = Debug|Any CPU
		{30527175-ABEB-4239-A6B8-60C8AAE2768E}.Release|Any CPU.ActiveCfg = Release|Any CPU
		{30527175-ABEB-4239-A6B8-60C8AAE2768E}.Release|Any CPU.Build.0 = Release|Any CPU
	EndGlobalSection
	GlobalSection(SolutionProperties) = preSolution
		HideSolutionNode = FALSE
	EndGlobalSection
EndGlobal
